
Microsoft Visual Studio Solution File, Format Version 12.00
# Visual Studio Version 17
VisualStudioVersion = 17.11.35327.3
MinimumVisualStudioVersion = 10.0.40219.1
Project("{9A19103F-16F7-4668-BE54-9A1E7A4F7556}") = "Lista_01", "Lista_01\Lista_01.csproj", "{57F472F4-BA81-4457-B604-DE479C49AA01}"
EndProject
Project("{9A19103F-16F7-4668-BE54-9A1E7A4F7556}") = "Lista_02", "Lista_02\Lista_02.csproj", "{D3318BF6-0908-4DEE-AA70-14EB309680BE}"
EndProject
Project("{9A19103F-16F7-4668-BE54-9A1E7A4F7556}") = "Lista_03", "Lista_03\Lista_03.csproj", "{2DA34570-E762-4AEC-92BA-6070A454D357}"
EndProject
Project("{9A19103F-16F7-4668-BE54-9A1E7A4F7556}") = "Lista_04", "Lista_04\Lista_04.csproj", "{212C84C5-066B-4139-A027-6E18411DA515}"
EndProject
Project("{9A19103F-16F7-4668-BE54-9A1E7A4F7556}") = "Lista_05", "Lista_05\Lista_05.csproj", "{609619C5-3C35-45EB-B5B7-BFA5AB9B8210}"
EndProject
Project("{9A19103F-16F7-4668-BE54-9A1E7A4F7556}") = "Lista_06", "Lista_06\Lista_06.csproj", "{8A481497-F432-4A91-96C6-3EC610576F01}"
EndProject
Project("{9A19103F-16F7-4668-BE54-9A1E7A4F7556}") = "Lista_07", "Lista_07\Lista_07.csproj", "{B5958C35-D285-4C55-97E6-B2DF407224DB}"
EndProject
Project("{9A19103F-16F7-4668-BE54-9A1E7A4F7556}") = "Lista_08", "Lista_08\Lista_08.csproj", "{693A9E65-1957-48EE-87E9-13036487B41E}"
EndProject
Project("{9A19103F-16F7-4668-BE54-9A1E7A4F7556}") = "Lista_09", "Lista_09\Lista_09.csproj", "{BDBAEB6F-EED2-4110-B9AA-97D2EB74067E}"
EndProject
Project("{9A19103F-16F7-4668-BE54-9A1E7A4F7556}") = "Lista_10", "Lista_10\Lista_10.csproj", "{878F0ABB-5F14-4ED7-90C8-A2F089924BE9}"
EndProject
Project("{9A19103F-16F7-4668-BE54-9A1E7A4F7556}") = "test_github", "test_github\test_github.csproj", "{8BC81E32-A070-4127-8F7B-CF5D9C726203}"
EndProject
Project("{FAE04EC0-301F-11D3-BF4B-00C04F79EFBC}") = "Lista_11", "Lista_11\Lista_11.csproj", "{4CC62BD6-53DB-4ED1-AE8A-C524B2371ABD}"
EndProject
Global
	GlobalSection(SolutionConfigurationPlatforms) = preSolution
		Debug|Any CPU = Debug|Any CPU
		Release|Any CPU = Release|Any CPU
	EndGlobalSection
	GlobalSection(ProjectConfigurationPlatforms) = postSolution
		{57F472F4-BA81-4457-B604-DE479C49AA01}.Debug|Any CPU.ActiveCfg = Debug|Any CPU
		{57F472F4-BA81-4457-B604-DE479C49AA01}.Debug|Any CPU.Build.0 = Debug|Any CPU
		{57F472F4-BA81-4457-B604-DE479C49AA01}.Release|Any CPU.ActiveCfg = Release|Any CPU
		{57F472F4-BA81-4457-B604-DE479C49AA01}.Release|Any CPU.Build.0 = Release|Any CPU
		{D3318BF6-0908-4DEE-AA70-14EB309680BE}.Debug|Any CPU.ActiveCfg = Debug|Any CPU
		{D3318BF6-0908-4DEE-AA70-14EB309680BE}.Debug|Any CPU.Build.0 = Debug|Any CPU
		{D3318BF6-0908-4DEE-AA70-14EB309680BE}.Release|Any CPU.ActiveCfg = Release|Any CPU
		{D3318BF6-0908-4DEE-AA70-14EB309680BE}.Release|Any CPU.Build.0 = Release|Any CPU
		{2DA34570-E762-4AEC-92BA-6070A454D357}.Debug|Any CPU.ActiveCfg = Debug|Any CPU
		{2DA34570-E762-4AEC-92BA-6070A454D357}.Debug|Any CPU.Build.0 = Debug|Any CPU
		{2DA34570-E762-4AEC-92BA-6070A454D357}.Release|Any CPU.ActiveCfg = Release|Any CPU
		{2DA34570-E762-4AEC-92BA-6070A454D357}.Release|Any CPU.Build.0 = Release|Any CPU
		{212C84C5-066B-4139-A027-6E18411DA515}.Debug|Any CPU.ActiveCfg = Debug|Any CPU
		{212C84C5-066B-4139-A027-6E18411DA515}.Debug|Any CPU.Build.0 = Debug|Any CPU
		{212C84C5-066B-4139-A027-6E18411DA515}.Release|Any CPU.ActiveCfg = Release|Any CPU
		{212C84C5-066B-4139-A027-6E18411DA515}.Release|Any CPU.Build.0 = Release|Any CPU
		{609619C5-3C35-45EB-B5B7-BFA5AB9B8210}.Debug|Any CPU.ActiveCfg = Debug|Any CPU
		{609619C5-3C35-45EB-B5B7-BFA5AB9B8210}.Debug|Any CPU.Build.0 = Debug|Any CPU
		{609619C5-3C35-45EB-B5B7-BFA5AB9B8210}.Release|Any CPU.ActiveCfg = Release|Any CPU
		{609619C5-3C35-45EB-B5B7-BFA5AB9B8210}.Release|Any CPU.Build.0 = Release|Any CPU
		{8A481497-F432-4A91-96C6-3EC610576F01}.Debug|Any CPU.ActiveCfg = Debug|Any CPU
		{8A481497-F432-4A91-96C6-3EC610576F01}.Debug|Any CPU.Build.0 = Debug|Any CPU
		{8A481497-F432-4A91-96C6-3EC610576F01}.Release|Any CPU.ActiveCfg = Release|Any CPU
		{8A481497-F432-4A91-96C6-3EC610576F01}.Release|Any CPU.Build.0 = Release|Any CPU
		{B5958C35-D285-4C55-97E6-B2DF407224DB}.Debug|Any CPU.ActiveCfg = Debug|Any CPU
		{B5958C35-D285-4C55-97E6-B2DF407224DB}.Debug|Any CPU.Build.0 = Debug|Any CPU
		{B5958C35-D285-4C55-97E6-B2DF407224DB}.Release|Any CPU.ActiveCfg = Release|Any CPU
		{B5958C35-D285-4C55-97E6-B2DF407224DB}.Release|Any CPU.Build.0 = Release|Any CPU
		{693A9E65-1957-48EE-87E9-13036487B41E}.Debug|Any CPU.ActiveCfg = Debug|Any CPU
		{693A9E65-1957-48EE-87E9-13036487B41E}.Debug|Any CPU.Build.0 = Debug|Any CPU
		{693A9E65-1957-48EE-87E9-13036487B41E}.Release|Any CPU.ActiveCfg = Release|Any CPU
		{693A9E65-1957-48EE-87E9-13036487B41E}.Release|Any CPU.Build.0 = Release|Any CPU
		{BDBAEB6F-EED2-4110-B9AA-97D2EB74067E}.Debug|Any CPU.ActiveCfg = Debug|Any CPU
		{BDBAEB6F-EED2-4110-B9AA-97D2EB74067E}.Debug|Any CPU.Build.0 = Debug|Any CPU
		{BDBAEB6F-EED2-4110-B9AA-97D2EB74067E}.Release|Any CPU.ActiveCfg = Release|Any CPU
		{BDBAEB6F-EED2-4110-B9AA-97D2EB74067E}.Release|Any CPU.Build.0 = Release|Any CPU
		{878F0ABB-5F14-4ED7-90C8-A2F089924BE9}.Debug|Any CPU.ActiveCfg = Debug|Any CPU
		{878F0ABB-5F14-4ED7-90C8-A2F089924BE9}.Debug|Any CPU.Build.0 = Debug|Any CPU
		{878F0ABB-5F14-4ED7-90C8-A2F089924BE9}.Release|Any CPU.ActiveCfg = Release|Any CPU
		{878F0ABB-5F14-4ED7-90C8-A2F089924BE9}.Release|Any CPU.Build.0 = Release|Any CPU
		{8BC81E32-A070-4127-8F7B-CF5D9C726203}.Debug|Any CPU.ActiveCfg = Debug|Any CPU
		{8BC81E32-A070-4127-8F7B-CF5D9C726203}.Debug|Any CPU.Build.0 = Debug|Any CPU
		{8BC81E32-A070-4127-8F7B-CF5D9C726203}.Release|Any CPU.ActiveCfg = Release|Any CPU
		{8BC81E32-A070-4127-8F7B-CF5D9C726203}.Release|Any CPU.Build.0 = Release|Any CPU
		{4CC62BD6-53DB-4ED1-AE8A-C524B2371ABD}.Debug|Any CPU.ActiveCfg = Debug|Any CPU
		{4CC62BD6-53DB-4ED1-AE8A-C524B2371ABD}.Debug|Any CPU.Build.0 = Debug|Any CPU
		{4CC62BD6-53DB-4ED1-AE8A-C524B2371ABD}.Release|Any CPU.ActiveCfg = Release|Any CPU
		{4CC62BD6-53DB-4ED1-AE8A-C524B2371ABD}.Release|Any CPU.Build.0 = Release|Any CPU
	EndGlobalSection
	GlobalSection(SolutionProperties) = preSolution
		HideSolutionNode = FALSE
	EndGlobalSection
	GlobalSection(ExtensibilityGlobals) = postSolution
		SolutionGuid = {BCFABF58-5CC5-4569-A987-1F8DAD152F53}
	EndGlobalSection
EndGlobal
